
Microsoft Visual Studio Solution File, Format Version 12.00
# Visual Studio 15
VisualStudioVersion = 15.0.28307.1022
MinimumVisualStudioVersion = 10.0.40219.1
Project("{159641D6-6404-4A2A-AE62-294DE0FE8301}") = "Process Coin134 Cube", "Process Coin134 Cube.dtproj", "{3CB271F0-7E7A-47E2-A106-ECB19483A12E}"
EndProject
Global
	GlobalSection(SolutionConfigurationPlatforms) = preSolution
		Development|Default = Development|Default
	EndGlobalSection
	GlobalSection(ProjectConfigurationPlatforms) = postSolution
		{3CB271F0-7E7A-47E2-A106-ECB19483A12E}.Development|Default.ActiveCfg = Development
		{3CB271F0-7E7A-47E2-A106-ECB19483A12E}.Development|Default.Build.0 = Development
	EndGlobalSection
	GlobalSection(SolutionProperties) = preSolution
		HideSolutionNode = FALSE
	EndGlobalSection
	GlobalSection(ExtensibilityGlobals) = postSolution
		SolutionGuid = {B2C1115A-E04D-4A5F-A5E0-76A31E5E3EA7}
	EndGlobalSection
	GlobalSection(TeamFoundationVersionControl) = preSolution
		SccNumberOfProjects = 2
		SccEnterpriseProvider = {4CA58AB2-18FA-4F8D-95D4-32DDF27D184C}
		SccTeamFoundationServer = http://10.226.15.196:8080/tfs/financeteam
		SccLocalPath0 = .
		SccProjectUniqueName1 = Process\u0020Coin134\u0020Cube.dtproj
		SccLocalPath1 = .
	EndGlobalSection
EndGlobal
